
Microsoft Visual Studio Solution File, Format Version 12.00
# Visual Studio Version 17
VisualStudioVersion = 17.0.32014.148
MinimumVisualStudioVersion = 10.0.40219.1
Project("{9A19103F-16F7-4668-BE54-9A1E7A4F7556}") = "dotnetAKS", "dotnetAKS.csproj", "{539217B0-CB87-48E6-86D6-EEA564C34641}"
EndProject
Global
	GlobalSection(SolutionConfigurationPlatforms) = preSolution
		Debug|Any CPU = Debug|Any CPU
		Release|Any CPU = Release|Any CPU
	EndGlobalSection
	GlobalSection(ProjectConfigurationPlatforms) = postSolution
		{539217B0-CB87-48E6-86D6-EEA564C34641}.Debug|Any CPU.ActiveCfg = Debug|Any CPU
		{539217B0-CB87-48E6-86D6-EEA564C34641}.Debug|Any CPU.Build.0 = Debug|Any CPU
		{539217B0-CB87-48E6-86D6-EEA564C34641}.Release|Any CPU.ActiveCfg = Release|Any CPU
		{539217B0-CB87-48E6-86D6-EEA564C34641}.Release|Any CPU.Build.0 = Release|Any CPU
	EndGlobalSection
	GlobalSection(SolutionProperties) = preSolution
		HideSolutionNode = FALSE
	EndGlobalSection
	GlobalSection(ExtensibilityGlobals) = postSolution
		SolutionGuid = {5C360AD8-E37B-4CF5-B4DA-203F7051FA54}
	EndGlobalSection
EndGlobal
